// !$*UTF8*$!
{
	archiveVersion = 1;
	classes = {
	};
	objectVersion = 46;
	objects = {

/* Begin PBXBuildFile section */
		1B202854191BB92300884562 /* Foundation.framework in Frameworks */ = {isa = PBXBuildFile; fileRef = 1B202853191BB92300884562 /* Foundation.framework */; };
		1B202856191BB92300884562 /* CoreGraphics.framework in Frameworks */ = {isa = PBXBuildFile; fileRef = 1B202855191BB92300884562 /* CoreGraphics.framework */; };
		1B202858191BB92300884562 /* UIKit.framework in Frameworks */ = {isa = PBXBuildFile; fileRef = 1B202857191BB92300884562 /* UIKit.framework */; };
		1B20285E191BB92300884562 /* InfoPlist.strings in Resources */ = {isa = PBXBuildFile; fileRef = 1B20285C191BB92300884562 /* InfoPlist.strings */; };
		1B202860191BB92300884562 /* main.m in Sources */ = {isa = PBXBuildFile; fileRef = 1B20285F191BB92300884562 /* main.m */; };
		1B202864191BB92300884562 /* ALAAppDelegate.m in Sources */ = {isa = PBXBuildFile; fileRef = 1B202863191BB92300884562 /* ALAAppDelegate.m */; };
		1B202866191BB92300884562 /* Images.xcassets in Resources */ = {isa = PBXBuildFile; fileRef = 1B202865191BB92300884562 /* Images.xcassets */; };
		1B20286D191BB92300884562 /* XCTest.framework in Frameworks */ = {isa = PBXBuildFile; fileRef = 1B20286C191BB92300884562 /* XCTest.framework */; };
		1B20286E191BB92300884562 /* Foundation.framework in Frameworks */ = {isa = PBXBuildFile; fileRef = 1B202853191BB92300884562 /* Foundation.framework */; };
		1B20286F191BB92300884562 /* UIKit.framework in Frameworks */ = {isa = PBXBuildFile; fileRef = 1B202857191BB92300884562 /* UIKit.framework */; };
		1B202877191BB92300884562 /* InfoPlist.strings in Resources */ = {isa = PBXBuildFile; fileRef = 1B202875191BB92300884562 /* InfoPlist.strings */; };
		1B202879191BB92300884562 /* AudioListTests.m in Sources */ = {isa = PBXBuildFile; fileRef = 1B202878191BB92300884562 /* AudioListTests.m */; };
		1B202884191BC51100884562 /* ALAiPadViewController.m in Sources */ = {isa = PBXBuildFile; fileRef = 1B202883191BC51100884562 /* ALAiPadViewController.m */; };
		1B202889191BE49900884562 /* ALADataSingleton.m in Sources */ = {isa = PBXBuildFile; fileRef = 1B202888191BE49900884562 /* ALADataSingleton.m */; };
		1B20288C191BF1F100884562 /* ALAiPhoneTableViewController.m in Sources */ = {isa = PBXBuildFile; fileRef = 1B20288B191BF1F100884562 /* ALAiPhoneTableViewController.m */; };
		1B20288F191BF23E00884562 /* ALAiPadTableViewController.m in Sources */ = {isa = PBXBuildFile; fileRef = 1B20288E191BF23E00884562 /* ALAiPadTableViewController.m */; };
		1B202892191BF26800884562 /* ALAiPadTableViewCell.m in Sources */ = {isa = PBXBuildFile; fileRef = 1B202891191BF26800884562 /* ALAiPadTableViewCell.m */; };
		1B202895191BF2AB00884562 /* ALAiPhoneTableViewCell.m in Sources */ = {isa = PBXBuildFile; fileRef = 1B202894191BF2AB00884562 /* ALAiPhoneTableViewCell.m */; };
		1B9BB86D191CF18B00C0C61C /* melodic2_affirm.wav in Resources */ = {isa = PBXBuildFile; fileRef = 1B9BB86B191CF18B00C0C61C /* melodic2_affirm.wav */; };
		1B9BB86E191CF18B00C0C61C /* DevoAlbumCover.png in Resources */ = {isa = PBXBuildFile; fileRef = 1B9BB86C191CF18B00C0C61C /* DevoAlbumCover.png */; };
		1B9BB872191D0C3000C0C61C /* ALAiPadDetailViewController.m in Sources */ = {isa = PBXBuildFile; fileRef = 1B9BB871191D0C3000C0C61C /* ALAiPadDetailViewController.m */; };
		1B9BB875191D13E900C0C61C /* ALATrack.m in Sources */ = {isa = PBXBuildFile; fileRef = 1B9BB874191D13E900C0C61C /* ALATrack.m */; };
		1B9BB878191D140900C0C61C /* ALAArtist.m in Sources */ = {isa = PBXBuildFile; fileRef = 1B9BB877191D140900C0C61C /* ALAArtist.m */; };
		1B9BB87B191D142300C0C61C /* ALAAlbum.m in Sources */ = {isa = PBXBuildFile; fileRef = 1B9BB87A191D142300C0C61C /* ALAAlbum.m */; };
		1B9BB87E191D1CFC00C0C61C /* ALASoundCloudRequest.m in Sources */ = {isa = PBXBuildFile; fileRef = 1B9BB87D191D1CFC00C0C61C /* ALASoundCloudRequest.m */; };
/* End PBXBuildFile section */

/* Begin PBXContainerItemProxy section */
		1B202870191BB92300884562 /* PBXContainerItemProxy */ = {
			isa = PBXContainerItemProxy;
			containerPortal = 1B202848191BB92300884562 /* Project object */;
			proxyType = 1;
			remoteGlobalIDString = 1B20284F191BB92300884562;
			remoteInfo = AudioList;
		};
/* End PBXContainerItemProxy section */

/* Begin PBXFileReference section */
		1B202850191BB92300884562 /* AudioList.app */ = {isa = PBXFileReference; explicitFileType = wrapper.application; includeInIndex = 0; path = AudioList.app; sourceTree = BUILT_PRODUCTS_DIR; };
		1B202853191BB92300884562 /* Foundation.framework */ = {isa = PBXFileReference; lastKnownFileType = wrapper.framework; name = Foundation.framework; path = System/Library/Frameworks/Foundation.framework; sourceTree = SDKROOT; };
		1B202855191BB92300884562 /* CoreGraphics.framework */ = {isa = PBXFileReference; lastKnownFileType = wrapper.framework; name = CoreGraphics.framework; path = System/Library/Frameworks/CoreGraphics.framework; sourceTree = SDKROOT; };
		1B202857191BB92300884562 /* UIKit.framework */ = {isa = PBXFileReference; lastKnownFileType = wrapper.framework; name = UIKit.framework; path = System/Library/Frameworks/UIKit.framework; sourceTree = SDKROOT; };
		1B20285B191BB92300884562 /* AudioList-Info.plist */ = {isa = PBXFileReference; lastKnownFileType = text.plist.xml; path = "AudioList-Info.plist"; sourceTree = "<group>"; };
		1B20285D191BB92300884562 /* en */ = {isa = PBXFileReference; lastKnownFileType = text.plist.strings; name = en; path = en.lproj/InfoPlist.strings; sourceTree = "<group>"; };
		1B20285F191BB92300884562 /* main.m */ = {isa = PBXFileReference; lastKnownFileType = sourcecode.c.objc; path = main.m; sourceTree = "<group>"; };
		1B202861191BB92300884562 /* AudioList-Prefix.pch */ = {isa = PBXFileReference; lastKnownFileType = sourcecode.c.h; path = "AudioList-Prefix.pch"; sourceTree = "<group>"; };
		1B202862191BB92300884562 /* ALAAppDelegate.h */ = {isa = PBXFileReference; lastKnownFileType = sourcecode.c.h; path = ALAAppDelegate.h; sourceTree = "<group>"; };
		1B202863191BB92300884562 /* ALAAppDelegate.m */ = {isa = PBXFileReference; lastKnownFileType = sourcecode.c.objc; path = ALAAppDelegate.m; sourceTree = "<group>"; };
		1B202865191BB92300884562 /* Images.xcassets */ = {isa = PBXFileReference; lastKnownFileType = folder.assetcatalog; path = Images.xcassets; sourceTree = "<group>"; };
		1B20286B191BB92300884562 /* AudioListTests.xctest */ = {isa = PBXFileReference; explicitFileType = wrapper.cfbundle; includeInIndex = 0; path = AudioListTests.xctest; sourceTree = BUILT_PRODUCTS_DIR; };
		1B20286C191BB92300884562 /* XCTest.framework */ = {isa = PBXFileReference; lastKnownFileType = wrapper.framework; name = XCTest.framework; path = Library/Frameworks/XCTest.framework; sourceTree = DEVELOPER_DIR; };
		1B202874191BB92300884562 /* AudioListTests-Info.plist */ = {isa = PBXFileReference; lastKnownFileType = text.plist.xml; path = "AudioListTests-Info.plist"; sourceTree = "<group>"; };
		1B202876191BB92300884562 /* en */ = {isa = PBXFileReference; lastKnownFileType = text.plist.strings; name = en; path = en.lproj/InfoPlist.strings; sourceTree = "<group>"; };
		1B202878191BB92300884562 /* AudioListTests.m */ = {isa = PBXFileReference; lastKnownFileType = sourcecode.c.objc; path = AudioListTests.m; sourceTree = "<group>"; };
		1B202882191BC51100884562 /* ALAiPadViewController.h */ = {isa = PBXFileReference; fileEncoding = 4; lastKnownFileType = sourcecode.c.h; path = ALAiPadViewController.h; sourceTree = "<group>"; };
		1B202883191BC51100884562 /* ALAiPadViewController.m */ = {isa = PBXFileReference; fileEncoding = 4; lastKnownFileType = sourcecode.c.objc; path = ALAiPadViewController.m; sourceTree = "<group>"; };
		1B202887191BE49900884562 /* ALADataSingleton.h */ = {isa = PBXFileReference; fileEncoding = 4; lastKnownFileType = sourcecode.c.h; path = ALADataSingleton.h; sourceTree = "<group>"; };
		1B202888191BE49900884562 /* ALADataSingleton.m */ = {isa = PBXFileReference; fileEncoding = 4; lastKnownFileType = sourcecode.c.objc; path = ALADataSingleton.m; sourceTree = "<group>"; };
		1B20288A191BF1F100884562 /* ALAiPhoneTableViewController.h */ = {isa = PBXFileReference; fileEncoding = 4; lastKnownFileType = sourcecode.c.h; path = ALAiPhoneTableViewController.h; sourceTree = "<group>"; };
		1B20288B191BF1F100884562 /* ALAiPhoneTableViewController.m */ = {isa = PBXFileReference; fileEncoding = 4; lastKnownFileType = sourcecode.c.objc; path = ALAiPhoneTableViewController.m; sourceTree = "<group>"; };
		1B20288D191BF23E00884562 /* ALAiPadTableViewController.h */ = {isa = PBXFileReference; fileEncoding = 4; lastKnownFileType = sourcecode.c.h; path = ALAiPadTableViewController.h; sourceTree = "<group>"; };
		1B20288E191BF23E00884562 /* ALAiPadTableViewController.m */ = {isa = PBXFileReference; fileEncoding = 4; lastKnownFileType = sourcecode.c.objc; path = ALAiPadTableViewController.m; sourceTree = "<group>"; };
		1B202890191BF26800884562 /* ALAiPadTableViewCell.h */ = {isa = PBXFileReference; fileEncoding = 4; lastKnownFileType = sourcecode.c.h; path = ALAiPadTableViewCell.h; sourceTree = "<group>"; };
		1B202891191BF26800884562 /* ALAiPadTableViewCell.m */ = {isa = PBXFileReference; fileEncoding = 4; lastKnownFileType = sourcecode.c.objc; path = ALAiPadTableViewCell.m; sourceTree = "<group>"; };
		1B202893191BF2AB00884562 /* ALAiPhoneTableViewCell.h */ = {isa = PBXFileReference; fileEncoding = 4; lastKnownFileType = sourcecode.c.h; path = ALAiPhoneTableViewCell.h; sourceTree = "<group>"; };
		1B202894191BF2AB00884562 /* ALAiPhoneTableViewCell.m */ = {isa = PBXFileReference; fileEncoding = 4; lastKnownFileType = sourcecode.c.objc; path = ALAiPhoneTableViewCell.m; sourceTree = "<group>"; };
		1B9BB86B191CF18B00C0C61C /* melodic2_affirm.wav */ = {isa = PBXFileReference; lastKnownFileType = audio.wav; path = melodic2_affirm.wav; sourceTree = "<group>"; };
		1B9BB86C191CF18B00C0C61C /* DevoAlbumCover.png */ = {isa = PBXFileReference; lastKnownFileType = image.png; path = DevoAlbumCover.png; sourceTree = "<group>"; };
		1B9BB870191D0C3000C0C61C /* ALAiPadDetailViewController.h */ = {isa = PBXFileReference; fileEncoding = 4; lastKnownFileType = sourcecode.c.h; path = ALAiPadDetailViewController.h; sourceTree = "<group>"; };
		1B9BB871191D0C3000C0C61C /* ALAiPadDetailViewController.m */ = {isa = PBXFileReference; fileEncoding = 4; lastKnownFileType = sourcecode.c.objc; path = ALAiPadDetailViewController.m; sourceTree = "<group>"; };
		1B9BB873191D13E900C0C61C /* ALATrack.h */ = {isa = PBXFileReference; fileEncoding = 4; lastKnownFileType = sourcecode.c.h; path = ALATrack.h; sourceTree = "<group>"; };
		1B9BB874191D13E900C0C61C /* ALATrack.m */ = {isa = PBXFileReference; fileEncoding = 4; lastKnownFileType = sourcecode.c.objc; path = ALATrack.m; sourceTree = "<group>"; };
		1B9BB876191D140900C0C61C /* ALAArtist.h */ = {isa = PBXFileReference; fileEncoding = 4; lastKnownFileType = sourcecode.c.h; path = ALAArtist.h; sourceTree = "<group>"; };
		1B9BB877191D140900C0C61C /* ALAArtist.m */ = {isa = PBXFileReference; fileEncoding = 4; lastKnownFileType = sourcecode.c.objc; path = ALAArtist.m; sourceTree = "<group>"; };
		1B9BB879191D142300C0C61C /* ALAAlbum.h */ = {isa = PBXFileReference; fileEncoding = 4; lastKnownFileType = sourcecode.c.h; path = ALAAlbum.h; sourceTree = "<group>"; };
		1B9BB87A191D142300C0C61C /* ALAAlbum.m */ = {isa = PBXFileReference; fileEncoding = 4; lastKnownFileType = sourcecode.c.objc; path = ALAAlbum.m; sourceTree = "<group>"; };
		1B9BB87C191D1CFC00C0C61C /* ALASoundCloudRequest.h */ = {isa = PBXFileReference; fileEncoding = 4; lastKnownFileType = sourcecode.c.h; path = ALASoundCloudRequest.h; sourceTree = "<group>"; };
		1B9BB87D191D1CFC00C0C61C /* ALASoundCloudRequest.m */ = {isa = PBXFileReference; fileEncoding = 4; lastKnownFileType = sourcecode.c.objc; path = ALASoundCloudRequest.m; sourceTree = "<group>"; };
/* End PBXFileReference section */

/* Begin PBXFrameworksBuildPhase section */
		1B20284D191BB92300884562 /* Frameworks */ = {
			isa = PBXFrameworksBuildPhase;
			buildActionMask = 2147483647;
			files = (
				1B202856191BB92300884562 /* CoreGraphics.framework in Frameworks */,
				1B202858191BB92300884562 /* UIKit.framework in Frameworks */,
				1B202854191BB92300884562 /* Foundation.framework in Frameworks */,
			);
			runOnlyForDeploymentPostprocessing = 0;
		};
		1B202868191BB92300884562 /* Frameworks */ = {
			isa = PBXFrameworksBuildPhase;
			buildActionMask = 2147483647;
			files = (
				1B20286D191BB92300884562 /* XCTest.framework in Frameworks */,
				1B20286F191BB92300884562 /* UIKit.framework in Frameworks */,
				1B20286E191BB92300884562 /* Foundation.framework in Frameworks */,
			);
			runOnlyForDeploymentPostprocessing = 0;
		};
/* End PBXFrameworksBuildPhase section */

/* Begin PBXGroup section */
		1B0E2D07192100AA00B07DB8 /* Data Models */ = {
			isa = PBXGroup;
			children = (
				1B9BB873191D13E900C0C61C /* ALATrack.h */,
				1B9BB874191D13E900C0C61C /* ALATrack.m */,
				1B9BB876191D140900C0C61C /* ALAArtist.h */,
				1B9BB877191D140900C0C61C /* ALAArtist.m */,
				1B9BB879191D142300C0C61C /* ALAAlbum.h */,
				1B9BB87A191D142300C0C61C /* ALAAlbum.m */,
			);
			name = "Data Models";
			sourceTree = "<group>";
		};
		1B0E2D08192104B800B07DB8 /* Requests */ = {
			isa = PBXGroup;
			children = (
				1B9BB87C191D1CFC00C0C61C /* ALASoundCloudRequest.h */,
				1B9BB87D191D1CFC00C0C61C /* ALASoundCloudRequest.m */,
			);
			name = Requests;
			sourceTree = "<group>";
		};
		1B202847191BB92300884562 = {
			isa = PBXGroup;
			children = (
				1B0E2D08192104B800B07DB8 /* Requests */,
				1B9BB86F191D0AF400C0C61C /* Models */,
				1B9BB868191CF06300C0C61C /* Media */,
				1B202896191BF31800884562 /* RootView */,
				1B202885191BC51E00884562 /* iPhone */,
				1B202886191BC52F00884562 /* iPad */,
				1B202859191BB92300884562 /* AudioList */,
				1B202872191BB92300884562 /* AudioListTests */,
				1B202852191BB92300884562 /* Frameworks */,
				1B202851191BB92300884562 /* Products */,
			);
			sourceTree = "<group>";
		};
		1B202851191BB92300884562 /* Products */ = {
			isa = PBXGroup;
			children = (
				1B202850191BB92300884562 /* AudioList.app */,
				1B20286B191BB92300884562 /* AudioListTests.xctest */,
			);
			name = Products;
			sourceTree = "<group>";
		};
		1B202852191BB92300884562 /* Frameworks */ = {
			isa = PBXGroup;
			children = (
				1B202853191BB92300884562 /* Foundation.framework */,
				1B202855191BB92300884562 /* CoreGraphics.framework */,
				1B202857191BB92300884562 /* UIKit.framework */,
				1B20286C191BB92300884562 /* XCTest.framework */,
			);
			name = Frameworks;
			sourceTree = "<group>";
		};
		1B202859191BB92300884562 /* AudioList */ = {
			isa = PBXGroup;
			children = (
				1B202862191BB92300884562 /* ALAAppDelegate.h */,
				1B202863191BB92300884562 /* ALAAppDelegate.m */,
				1B202865191BB92300884562 /* Images.xcassets */,
				1B20285A191BB92300884562 /* Supporting Files */,
			);
			path = AudioList;
			sourceTree = "<group>";
		};
		1B20285A191BB92300884562 /* Supporting Files */ = {
			isa = PBXGroup;
			children = (
				1B20285B191BB92300884562 /* AudioList-Info.plist */,
				1B20285C191BB92300884562 /* InfoPlist.strings */,
				1B20285F191BB92300884562 /* main.m */,
				1B202861191BB92300884562 /* AudioList-Prefix.pch */,
			);
			name = "Supporting Files";
			sourceTree = "<group>";
		};
		1B202872191BB92300884562 /* AudioListTests */ = {
			isa = PBXGroup;
			children = (
				1B202878191BB92300884562 /* AudioListTests.m */,
				1B202873191BB92300884562 /* Supporting Files */,
			);
			path = AudioListTests;
			sourceTree = "<group>";
		};
		1B202873191BB92300884562 /* Supporting Files */ = {
			isa = PBXGroup;
			children = (
				1B202874191BB92300884562 /* AudioListTests-Info.plist */,
				1B202875191BB92300884562 /* InfoPlist.strings */,
			);
			name = "Supporting Files";
			sourceTree = "<group>";
		};
		1B202885191BC51E00884562 /* iPhone */ = {
			isa = PBXGroup;
			children = (
				1B202893191BF2AB00884562 /* ALAiPhoneTableViewCell.h */,
				1B202894191BF2AB00884562 /* ALAiPhoneTableViewCell.m */,
				1B20288A191BF1F100884562 /* ALAiPhoneTableViewController.h */,
				1B20288B191BF1F100884562 /* ALAiPhoneTableViewController.m */,
			);
			name = iPhone;
			sourceTree = "<group>";
		};
		1B202886191BC52F00884562 /* iPad */ = {
			isa = PBXGroup;
			children = (
				1B202890191BF26800884562 /* ALAiPadTableViewCell.h */,
				1B202891191BF26800884562 /* ALAiPadTableViewCell.m */,
				1B20288D191BF23E00884562 /* ALAiPadTableViewController.h */,
				1B20288E191BF23E00884562 /* ALAiPadTableViewController.m */,
				1B9BB870191D0C3000C0C61C /* ALAiPadDetailViewController.h */,
				1B9BB871191D0C3000C0C61C /* ALAiPadDetailViewController.m */,
			);
			name = iPad;
			sourceTree = "<group>";
		};
		1B202896191BF31800884562 /* RootView */ = {
			isa = PBXGroup;
			children = (
				1B202882191BC51100884562 /* ALAiPadViewController.h */,
				1B202883191BC51100884562 /* ALAiPadViewController.m */,
			);
			name = RootView;
			sourceTree = "<group>";
		};
		1B9BB868191CF06300C0C61C /* Media */ = {
			isa = PBXGroup;
			children = (
				1B9BB86B191CF18B00C0C61C /* melodic2_affirm.wav */,
				1B9BB86C191CF18B00C0C61C /* DevoAlbumCover.png */,
			);
			name = Media;
			sourceTree = "<group>";
		};
		1B9BB86F191D0AF400C0C61C /* Models */ = {
			isa = PBXGroup;
			children = (
				1B202887191BE49900884562 /* ALADataSingleton.h */,
				1B202888191BE49900884562 /* ALADataSingleton.m */,
				1B0E2D07192100AA00B07DB8 /* Data Models */,
			);
			name = Models;
			sourceTree = "<group>";
		};
/* End PBXGroup section */

/* Begin PBXNativeTarget section */
		1B20284F191BB92300884562 /* AudioList */ = {
			isa = PBXNativeTarget;
			buildConfigurationList = 1B20287C191BB92300884562 /* Build configuration list for PBXNativeTarget "AudioList" */;
			buildPhases = (
				1B20284C191BB92300884562 /* Sources */,
				1B20284D191BB92300884562 /* Frameworks */,
				1B20284E191BB92300884562 /* Resources */,
			);
			buildRules = (
			);
			dependencies = (
			);
			name = AudioList;
			productName = AudioList;
			productReference = 1B202850191BB92300884562 /* AudioList.app */;
			productType = "com.apple.product-type.application";
		};
		1B20286A191BB92300884562 /* AudioListTests */ = {
			isa = PBXNativeTarget;
			buildConfigurationList = 1B20287F191BB92300884562 /* Build configuration list for PBXNativeTarget "AudioListTests" */;
			buildPhases = (
				1B202867191BB92300884562 /* Sources */,
				1B202868191BB92300884562 /* Frameworks */,
				1B202869191BB92300884562 /* Resources */,
			);
			buildRules = (
			);
			dependencies = (
				1B202871191BB92300884562 /* PBXTargetDependency */,
			);
			name = AudioListTests;
			productName = AudioListTests;
			productReference = 1B20286B191BB92300884562 /* AudioListTests.xctest */;
			productType = "com.apple.product-type.bundle.unit-test";
		};
/* End PBXNativeTarget section */

/* Begin PBXProject section */
		1B202848191BB92300884562 /* Project object */ = {
			isa = PBXProject;
			attributes = {
				CLASSPREFIX = ALA;
				LastUpgradeCheck = 0510;
				ORGANIZATIONNAME = "Jeffery Moulds";
				TargetAttributes = {
					1B20286A191BB92300884562 = {
						TestTargetID = 1B20284F191BB92300884562;
					};
				};
			};
			buildConfigurationList = 1B20284B191BB92300884562 /* Build configuration list for PBXProject "AudioList" */;
			compatibilityVersion = "Xcode 3.2";
			developmentRegion = English;
			hasScannedForEncodings = 0;
			knownRegions = (
				en,
			);
			mainGroup = 1B202847191BB92300884562;
			productRefGroup = 1B202851191BB92300884562 /* Products */;
			projectDirPath = "";
			projectRoot = "";
			targets = (
				1B20284F191BB92300884562 /* AudioList */,
				1B20286A191BB92300884562 /* AudioListTests */,
			);
		};
/* End PBXProject section */

/* Begin PBXResourcesBuildPhase section */
		1B20284E191BB92300884562 /* Resources */ = {
			isa = PBXResourcesBuildPhase;
			buildActionMask = 2147483647;
			files = (
				1B20285E191BB92300884562 /* InfoPlist.strings in Resources */,
				1B9BB86D191CF18B00C0C61C /* melodic2_affirm.wav in Resources */,
				1B202866191BB92300884562 /* Images.xcassets in Resources */,
				1B9BB86E191CF18B00C0C61C /* DevoAlbumCover.png in Resources */,
			);
			runOnlyForDeploymentPostprocessing = 0;
		};
		1B202869191BB92300884562 /* Resources */ = {
			isa = PBXResourcesBuildPhase;
			buildActionMask = 2147483647;
			files = (
				1B202877191BB92300884562 /* InfoPlist.strings in Resources */,
			);
			runOnlyForDeploymentPostprocessing = 0;
		};
/* End PBXResourcesBuildPhase section */

/* Begin PBXSourcesBuildPhase section */
		1B20284C191BB92300884562 /* Sources */ = {
			isa = PBXSourcesBuildPhase;
			buildActionMask = 2147483647;
			files = (
				1B202892191BF26800884562 /* ALAiPadTableViewCell.m in Sources */,
				1B202860191BB92300884562 /* main.m in Sources */,
				1B9BB87E191D1CFC00C0C61C /* ALASoundCloudRequest.m in Sources */,
				1B9BB872191D0C3000C0C61C /* ALAiPadDetailViewController.m in Sources */,
				1B20288C191BF1F100884562 /* ALAiPhoneTableViewController.m in Sources */,
				1B9BB87B191D142300C0C61C /* ALAAlbum.m in Sources */,
				1B20288F191BF23E00884562 /* ALAiPadTableViewController.m in Sources */,
				1B9BB875191D13E900C0C61C /* ALATrack.m in Sources */,
				1B202864191BB92300884562 /* ALAAppDelegate.m in Sources */,
				1B202889191BE49900884562 /* ALADataSingleton.m in Sources */,
				1B9BB878191D140900C0C61C /* ALAArtist.m in Sources */,
				1B202884191BC51100884562 /* ALAiPadViewController.m in Sources */,
				1B202895191BF2AB00884562 /* ALAiPhoneTableViewCell.m in Sources */,
			);
			runOnlyForDeploymentPostprocessing = 0;
		};
		1B202867191BB92300884562 /* Sources */ = {
			isa = PBXSourcesBuildPhase;
			buildActionMask = 2147483647;
			files = (
				1B202879191BB92300884562 /* AudioListTests.m in Sources */,
			);
			runOnlyForDeploymentPostprocessing = 0;
		};
/* End PBXSourcesBuildPhase section */

/* Begin PBXTargetDependency section */
		1B202871191BB92300884562 /* PBXTargetDependency */ = {
			isa = PBXTargetDependency;
			target = 1B20284F191BB92300884562 /* AudioList */;
			targetProxy = 1B202870191BB92300884562 /* PBXContainerItemProxy */;
		};
/* End PBXTargetDependency section */

/* Begin PBXVariantGroup section */
		1B20285C191BB92300884562 /* InfoPlist.strings */ = {
			isa = PBXVariantGroup;
			children = (
				1B20285D191BB92300884562 /* en */,
			);
			name = InfoPlist.strings;
			sourceTree = "<group>";
		};
		1B202875191BB92300884562 /* InfoPlist.strings */ = {
			isa = PBXVariantGroup;
			children = (
				1B202876191BB92300884562 /* en */,
			);
			name = InfoPlist.strings;
			sourceTree = "<group>";
		};
/* End PBXVariantGroup section */

/* Begin XCBuildConfiguration section */
		1B20287A191BB92300884562 /* Debug */ = {
			isa = XCBuildConfiguration;
			buildSettings = {
				ALWAYS_SEARCH_USER_PATHS = NO;
				CLANG_CXX_LANGUAGE_STANDARD = "gnu++0x";
				CLANG_CXX_LIBRARY = "libc++";
				CLANG_ENABLE_MODULES = YES;
				CLANG_ENABLE_OBJC_ARC = YES;
				CLANG_WARN_BOOL_CONVERSION = YES;
				CLANG_WARN_CONSTANT_CONVERSION = YES;
				CLANG_WARN_DIRECT_OBJC_ISA_USAGE = YES_ERROR;
				CLANG_WARN_EMPTY_BODY = YES;
				CLANG_WARN_ENUM_CONVERSION = YES;
				CLANG_WARN_INT_CONVERSION = YES;
				CLANG_WARN_OBJC_ROOT_CLASS = YES_ERROR;
				CLANG_WARN__DUPLICATE_METHOD_MATCH = YES;
				"CODE_SIGN_IDENTITY[sdk=iphoneos*]" = "iPhone Developer";
				COPY_PHASE_STRIP = NO;
				GCC_C_LANGUAGE_STANDARD = gnu99;
				GCC_DYNAMIC_NO_PIC = NO;
				GCC_OPTIMIZATION_LEVEL = 0;
				GCC_PREPROCESSOR_DEFINITIONS = (
					"DEBUG=1",
					"$(inherited)",
				);
				GCC_SYMBOLS_PRIVATE_EXTERN = NO;
				GCC_WARN_64_TO_32_BIT_CONVERSION = YES;
				GCC_WARN_ABOUT_RETURN_TYPE = YES_ERROR;
				GCC_WARN_UNDECLARED_SELECTOR = YES;
				GCC_WARN_UNINITIALIZED_AUTOS = YES_AGGRESSIVE;
				GCC_WARN_UNUSED_FUNCTION = YES;
				GCC_WARN_UNUSED_VARIABLE = YES;
				IPHONEOS_DEPLOYMENT_TARGET = 7.1;
				ONLY_ACTIVE_ARCH = YES;
				SDKROOT = iphoneos;
				TARGETED_DEVICE_FAMILY = "1,2";
			};
			name = Debug;
		};
		1B20287B191BB92300884562 /* Release */ = {
			isa = XCBuildConfiguration;
			buildSettings = {
				ALWAYS_SEARCH_USER_PATHS = NO;
				CLANG_CXX_LANGUAGE_STANDARD = "gnu++0x";
				CLANG_CXX_LIBRARY = "libc++";
				CLANG_ENABLE_MODULES = YES;
				CLANG_ENABLE_OBJC_ARC = YES;
				CLANG_WARN_BOOL_CONVERSION = YES;
				CLANG_WARN_CONSTANT_CONVERSION = YES;
				CLANG_WARN_DIRECT_OBJC_ISA_USAGE = YES_ERROR;
				CLANG_WARN_EMPTY_BODY = YES;
				CLANG_WARN_ENUM_CONVERSION = YES;
				CLANG_WARN_INT_CONVERSION = YES;
				CLANG_WARN_OBJC_ROOT_CLASS = YES_ERROR;
				CLANG_WARN__DUPLICATE_METHOD_MATCH = YES;
				"CODE_SIGN_IDENTITY[sdk=iphoneos*]" = "iPhone Developer";
				COPY_PHASE_STRIP = YES;
				ENABLE_NS_ASSERTIONS = NO;
				GCC_C_LANGUAGE_STANDARD = gnu99;
				GCC_WARN_64_TO_32_BIT_CONVERSION = YES;
				GCC_WARN_ABOUT_RETURN_TYPE = YES_ERROR;
				GCC_WARN_UNDECLARED_SELECTOR = YES;
				GCC_WARN_UNINITIALIZED_AUTOS = YES_AGGRESSIVE;
				GCC_WARN_UNUSED_FUNCTION = YES;
				GCC_WARN_UNUSED_VARIABLE = YES;
				IPHONEOS_DEPLOYMENT_TARGET = 7.1;
				SDKROOT = iphoneos;
				TARGETED_DEVICE_FAMILY = "1,2";
				VALIDATE_PRODUCT = YES;
			};
			name = Release;
		};
		1B20287D191BB92300884562 /* Debug */ = {
			isa = XCBuildConfiguration;
			buildSettings = {
				ASSETCATALOG_COMPILER_APPICON_NAME = AppIcon;
				ASSETCATALOG_COMPILER_LAUNCHIMAGE_NAME = LaunchImage;
				GCC_PRECOMPILE_PREFIX_HEADER = YES;
				GCC_PREFIX_HEADER = "AudioList/AudioList-Prefix.pch";
				INFOPLIST_FILE = "AudioList/AudioList-Info.plist";
				PRODUCT_NAME = "$(TARGET_NAME)";
				WRAPPER_EXTENSION = app;
			};
			name = Debug;
		};
		1B20287E191BB92300884562 /* Release */ = {
			isa = XCBuildConfiguration;
			buildSettings = {
				ASSETCATALOG_COMPILER_APPICON_NAME = AppIcon;
				ASSETCATALOG_COMPILER_LAUNCHIMAGE_NAME = LaunchImage;
				GCC_PRECOMPILE_PREFIX_HEADER = YES;
				GCC_PREFIX_HEADER = "AudioList/AudioList-Prefix.pch";
				INFOPLIST_FILE = "AudioList/AudioList-Info.plist";
				PRODUCT_NAME = "$(TARGET_NAME)";
				WRAPPER_EXTENSION = app;
			};
			name = Release;
		};
		1B202880191BB92300884562 /* Debug */ = {
			isa = XCBuildConfiguration;
			buildSettings = {
				BUNDLE_LOADER = "$(BUILT_PRODUCTS_DIR)/AudioList.app/AudioList";
				FRAMEWORK_SEARCH_PATHS = (
					"$(SDKROOT)/Developer/Library/Frameworks",
					"$(inherited)",
					"$(DEVELOPER_FRAMEWORKS_DIR)",
				);
				GCC_PRECOMPILE_PREFIX_HEADER = YES;
				GCC_PREFIX_HEADER = "AudioList/AudioList-Prefix.pch";
				GCC_PREPROCESSOR_DEFINITIONS = (
					"DEBUG=1",
					"$(inherited)",
				);
				INFOPLIST_FILE = "AudioListTests/AudioListTests-Info.plist";
				PRODUCT_NAME = "$(TARGET_NAME)";
				TEST_HOST = "$(BUNDLE_LOADER)";
				WRAPPER_EXTENSION = xctest;
			};
			name = Debug;
		};
		1B202881191BB92300884562 /* Release */ = {
			isa = XCBuildConfiguration;
			buildSettings = {
				BUNDLE_LOADER = "$(BUILT_PRODUCTS_DIR)/AudioList.app/AudioList";
				FRAMEWORK_SEARCH_PATHS = (
					"$(SDKROOT)/Developer/Library/Frameworks",
					"$(inherited)",
					"$(DEVELOPER_FRAMEWORKS_DIR)",
				);
				GCC_PRECOMPILE_PREFIX_HEADER = YES;
				GCC_PREFIX_HEADER = "AudioList/AudioList-Prefix.pch";
				INFOPLIST_FILE = "AudioListTests/AudioListTests-Info.plist";
				PRODUCT_NAME = "$(TARGET_NAME)";
				TEST_HOST = "$(BUNDLE_LOADER)";
				WRAPPER_EXTENSION = xctest;
			};
			name = Release;
		};
/* End XCBuildConfiguration section */

/* Begin XCConfigurationList section */
		1B20284B191BB92300884562 /* Build configuration list for PBXProject "AudioList" */ = {
			isa = XCConfigurationList;
			buildConfigurations = (
				1B20287A191BB92300884562 /* Debug */,
				1B20287B191BB92300884562 /* Release */,
			);
			defaultConfigurationIsVisible = 0;
			defaultConfigurationName = Release;
		};
		1B20287C191BB92300884562 /* Build configuration list for PBXNativeTarget "AudioList" */ = {
			isa = XCConfigurationList;
			buildConfigurations = (
				1B20287D191BB92300884562 /* Debug */,
				1B20287E191BB92300884562 /* Release */,
			);
			defaultConfigurationIsVisible = 0;
			defaultConfigurationName = Release;
		};
		1B20287F191BB92300884562 /* Build configuration list for PBXNativeTarget "AudioListTests" */ = {
			isa = XCConfigurationList;
			buildConfigurations = (
				1B202880191BB92300884562 /* Debug */,
				1B202881191BB92300884562 /* Release */,
			);
			defaultConfigurationIsVisible = 0;
			defaultConfigurationName = Release;
		};
/* End XCConfigurationList section */
	};
	rootObject = 1B202848191BB92300884562 /* Project object */;
}
